
Microsoft Visual Studio Solution File, Format Version 12.00
# Visual Studio Version 17
VisualStudioVersion = 17.3.32825.248
MinimumVisualStudioVersion = 10.0.40219.1
Project("{FAE04EC0-301F-11D3-BF4B-00C04F79EFBC}") = "UR2FinalExamComputerSciencePortion", "UR2FinalExamComputerSciencePortion.csproj", "{C5176BE1-D8E3-4558-A9EF-4738F486F69F}"
EndProject
Global
	GlobalSection(SolutionConfigurationPlatforms) = preSolution
		Debug|Any CPU = Debug|Any CPU
		Release|Any CPU = Release|Any CPU
	EndGlobalSection
	GlobalSection(ProjectConfigurationPlatforms) = postSolution
		{C5176BE1-D8E3-4558-A9EF-4738F486F69F}.Debug|Any CPU.ActiveCfg = Debug|Any CPU
		{C5176BE1-D8E3-4558-A9EF-4738F486F69F}.Debug|Any CPU.Build.0 = Debug|Any CPU
		{C5176BE1-D8E3-4558-A9EF-4738F486F69F}.Release|Any CPU.ActiveCfg = Release|Any CPU
		{C5176BE1-D8E3-4558-A9EF-4738F486F69F}.Release|Any CPU.Build.0 = Release|Any CPU
	EndGlobalSection
	GlobalSection(SolutionProperties) = preSolution
		HideSolutionNode = FALSE
	EndGlobalSection
	GlobalSection(ExtensibilityGlobals) = postSolution
		SolutionGuid = {E685B1E0-1F1B-442B-8F21-02C246220E63}
	EndGlobalSection
EndGlobal
